github.com/adityatelange/hugo-PaperMod v0.0.0-20251220143909-7d061d56d466 h1:TwHD1mH5GpjEI32lKS0W0fDOxqSI88OjH3x1USba7y4=
github.com/adityatelange/hugo-PaperMod v0.0.0-20251220143909-7d061d56d466/go.mod h1:HCHxNMKYdGafUYjVV3ICiAqznZK2yH0iI53jqcDFDdQ=
github.com/apvarun/blist-hugo-theme v2.1.0+incompatible h1:o77jPgpKRa9MyvtKqEgThglu1ZaeOr8giz+RcNHA8hI=
github.com/apvarun/blist-hugo-theme v2.1.0+incompatible/go.mod h1:s2zy+OAtID3Ug5HangdNWpHxxErMb4Jlx6X4Xbp9mag=
github.com/chipzoller/hugo-clarity v0.0.0-20250822134453-ea273fa2d87c h1:3AZbl9ZTO0ZyiHlEmo7GtS4mcGTKWyLjAtL6pahTPKA=
github.com/chipzoller/hugo-clarity v0.0.0-20250822134453-ea273fa2d87c/go.mod h1:v1JkaKdcLRibyUCalLP2CNeFo6FGzfd4ipEr4dK0+Zg=
github.com/devcows/hugo-universal-theme v0.0.0-20250707204329-2e695e87e5d1 h1:Ic5DqdGOdqz3DJKOyZdspRBBsN891hRbanHCUnPS8k8=
github.com/devcows/hugo-universal-theme v0.0.0-20250707204329-2e695e87e5d1/go.mod h1:MqYH15Evmut/wgYkFi7ArsX+k44HfRrH675FbVLBkq0=
